// !$*UTF8*$!
{
	archiveVersion = 1;
	classes = {
	};
	objectVersion = 56;
	objects = {

/* Begin PBXBuildFile section */
		53E2D6E22C3F5B6300B43296 /* ElementsApp.swift in Sources */ = {isa = PBXBuildFile; fileRef = 53E2D6E12C3F5B6300B43296 /* ElementsApp.swift */; };
		53E2D6E42C3F5B6300B43296 /* ContentView.swift in Sources */ = {isa = PBXBuildFile; fileRef = 53E2D6E32C3F5B6300B43296 /* ContentView.swift */; };
		53E2D6E62C3F5B6500B43296 /* Assets.xcassets in Resources */ = {isa = PBXBuildFile; fileRef = 53E2D6E52C3F5B6500B43296 /* Assets.xcassets */; };
		53E2D6E92C3F5B6500B43296 /* Preview Assets.xcassets in Resources */ = {isa = PBXBuildFile; fileRef = 53E2D6E82C3F5B6500B43296 /* Preview Assets.xcassets */; };
		53E2D6F22C3F5E4300B43296 /* elements.json in Resources */ = {isa = PBXBuildFile; fileRef = 53E2D6F12C3F5E4300B43296 /* elements.json */; };
		53E2D6F72C3F5FD800B43296 /* HomeView.swift in Sources */ = {isa = PBXBuildFile; fileRef = 53E2D6F62C3F5FD800B43296 /* HomeView.swift */; };
		53E2D6FA2C3F62A300B43296 /* ModelData.swift in Sources */ = {isa = PBXBuildFile; fileRef = 53E2D6F92C3F62A300B43296 /* ModelData.swift */; };
		53E2D6FC2C3F62FF00B43296 /* Element.swift in Sources */ = {isa = PBXBuildFile; fileRef = 53E2D6FB2C3F62FF00B43296 /* Element.swift */; };
/* End PBXBuildFile section */

/* Begin PBXFileReference section */
		53E2D6DE2C3F5B6300B43296 /* Elements.app */ = {isa = PBXFileReference; explicitFileType = wrapper.application; includeInIndex = 0; path = Elements.app; sourceTree = BUILT_PRODUCTS_DIR; };
		53E2D6E12C3F5B6300B43296 /* ElementsApp.swift */ = {isa = PBXFileReference; lastKnownFileType = sourcecode.swift; path = ElementsApp.swift; sourceTree = "<group>"; };
		53E2D6E32C3F5B6300B43296 /* ContentView.swift */ = {isa = PBXFileReference; lastKnownFileType = sourcecode.swift; path = ContentView.swift; sourceTree = "<group>"; };
		53E2D6E52C3F5B6500B43296 /* Assets.xcassets */ = {isa = PBXFileReference; lastKnownFileType = folder.assetcatalog; path = Assets.xcassets; sourceTree = "<group>"; };
		53E2D6E82C3F5B6500B43296 /* Preview Assets.xcassets */ = {isa = PBXFileReference; lastKnownFileType = folder.assetcatalog; path = "Preview Assets.xcassets"; sourceTree = "<group>"; };
		53E2D6EA2C3F5B6500B43296 /* Elements.entitlements */ = {isa = PBXFileReference; lastKnownFileType = text.plist.entitlements; path = Elements.entitlements; sourceTree = "<group>"; };
		53E2D6F12C3F5E4300B43296 /* elements.json */ = {isa = PBXFileReference; fileEncoding = 4; lastKnownFileType = text.json; path = elements.json; sourceTree = "<group>"; };
		53E2D6F62C3F5FD800B43296 /* HomeView.swift */ = {isa = PBXFileReference; lastKnownFileType = sourcecode.swift; path = HomeView.swift; sourceTree = "<group>"; };
		53E2D6F92C3F62A300B43296 /* ModelData.swift */ = {isa = PBXFileReference; lastKnownFileType = sourcecode.swift; path = ModelData.swift; sourceTree = "<group>"; };
		53E2D6FB2C3F62FF00B43296 /* Element.swift */ = {isa = PBXFileReference; lastKnownFileType = sourcecode.swift; path = Element.swift; sourceTree = "<group>"; };
/* End PBXFileReference section */

/* Begin PBXFrameworksBuildPhase section */
		53E2D6DB2C3F5B6300B43296 /* Frameworks */ = {
			isa = PBXFrameworksBuildPhase;
			buildActionMask = 2147483647;
			files = (
			);
			runOnlyForDeploymentPostprocessing = 0;
		};
/* End PBXFrameworksBuildPhase section */

/* Begin PBXGroup section */
		53E2D6D52C3F5B6300B43296 = {
			isa = PBXGroup;
			children = (
				53E2D6E02C3F5B6300B43296 /* Elements */,
				53E2D6DF2C3F5B6300B43296 /* Products */,
			);
			sourceTree = "<group>";
		};
		53E2D6DF2C3F5B6300B43296 /* Products */ = {
			isa = PBXGroup;
			children = (
				53E2D6DE2C3F5B6300B43296 /* Elements.app */,
			);
			name = Products;
			sourceTree = "<group>";
		};
		53E2D6E02C3F5B6300B43296 /* Elements */ = {
			isa = PBXGroup;
			children = (
				53E2D6F82C3F623100B43296 /* Model */,
				53E2D6F32C3F5F2000B43296 /* Views */,
				53E2D6F02C3F5DDF00B43296 /* Resources */,
				53E2D6E32C3F5B6300B43296 /* ContentView.swift */,
				53E2D6E12C3F5B6300B43296 /* ElementsApp.swift */,
				53E2D6E52C3F5B6500B43296 /* Assets.xcassets */,
				53E2D6EA2C3F5B6500B43296 /* Elements.entitlements */,
				53E2D6E72C3F5B6500B43296 /* Preview Content */,
			);
			path = Elements;
			sourceTree = "<group>";
		};
		53E2D6E72C3F5B6500B43296 /* Preview Content */ = {
			isa = PBXGroup;
			children = (
				53E2D6E82C3F5B6500B43296 /* Preview Assets.xcassets */,
			);
			path = "Preview Content";
			sourceTree = "<group>";
		};
		53E2D6F02C3F5DDF00B43296 /* Resources */ = {
			isa = PBXGroup;
			children = (
				53E2D6F12C3F5E4300B43296 /* elements.json */,
			);
			path = Resources;
			sourceTree = "<group>";
		};
		53E2D6F32C3F5F2000B43296 /* Views */ = {
			isa = PBXGroup;
			children = (
				53E2D6F62C3F5FD800B43296 /* HomeView.swift */,
			);
			path = Views;
			sourceTree = "<group>";
		};
		53E2D6F82C3F623100B43296 /* Model */ = {
			isa = PBXGroup;
			children = (
				53E2D6F92C3F62A300B43296 /* ModelData.swift */,
				53E2D6FB2C3F62FF00B43296 /* Element.swift */,
			);
			path = Model;
			sourceTree = "<group>";
		};
/* End PBXGroup section */

/* Begin PBXNativeTarget section */
		53E2D6DD2C3F5B6300B43296 /* Elements */ = {
			isa = PBXNativeTarget;
			buildConfigurationList = 53E2D6ED2C3F5B6500B43296 /* Build configuration list for PBXNativeTarget "Elements" */;
			buildPhases = (
				53E2D6DA2C3F5B6300B43296 /* Sources */,
				53E2D6DB2C3F5B6300B43296 /* Frameworks */,
				53E2D6DC2C3F5B6300B43296 /* Resources */,
			);
			buildRules = (
			);
			dependencies = (
			);
			name = Elements;
			productName = Elements;
			productReference = 53E2D6DE2C3F5B6300B43296 /* Elements.app */;
			productType = "com.apple.product-type.application";
		};
/* End PBXNativeTarget section */

/* Begin PBXProject section */
		53E2D6D62C3F5B6300B43296 /* Project object */ = {
			isa = PBXProject;
			attributes = {
				BuildIndependentTargetsInParallel = 1;
				LastSwiftUpdateCheck = 1540;
				LastUpgradeCheck = 1540;
				TargetAttributes = {
					53E2D6DD2C3F5B6300B43296 = {
						CreatedOnToolsVersion = 15.4;
					};
				};
			};
			buildConfigurationList = 53E2D6D92C3F5B6300B43296 /* Build configuration list for PBXProject "Elements" */;
			compatibilityVersion = "Xcode 14.0";
			developmentRegion = en;
			hasScannedForEncodings = 0;
			knownRegions = (
				en,
				Base,
			);
			mainGroup = 53E2D6D52C3F5B6300B43296;
			productRefGroup = 53E2D6DF2C3F5B6300B43296 /* Products */;
			projectDirPath = "";
			projectRoot = "";
			targets = (
				53E2D6DD2C3F5B6300B43296 /* Elements */,
			);
		};
/* End PBXProject section */

/* Begin PBXResourcesBuildPhase section */
		53E2D6DC2C3F5B6300B43296 /* Resources */ = {
			isa = PBXResourcesBuildPhase;
			buildActionMask = 2147483647;
			files = (
				53E2D6E92C3F5B6500B43296 /* Preview Assets.xcassets in Resources */,
				53E2D6F22C3F5E4300B43296 /* elements.json in Resources */,
				53E2D6E62C3F5B6500B43296 /* Assets.xcassets in Resources */,
			);
			runOnlyForDeploymentPostprocessing = 0;
		};
/* End PBXResourcesBuildPhase section */

/* Begin PBXSourcesBuildPhase section */
		53E2D6DA2C3F5B6300B43296 /* Sources */ = {
			isa = PBXSourcesBuildPhase;
			buildActionMask = 2147483647;
			files = (
				53E2D6F72C3F5FD800B43296 /* HomeView.swift in Sources */,
				53E2D6FA2C3F62A300B43296 /* ModelData.swift in Sources */,
				53E2D6E42C3F5B6300B43296 /* ContentView.swift in Sources */,
				53E2D6E22C3F5B6300B43296 /* ElementsApp.swift in Sources */,
				53E2D6FC2C3F62FF00B43296 /* Element.swift in Sources */,
			);
			runOnlyForDeploymentPostprocessing = 0;
		};
/* End PBXSourcesBuildPhase section */

/* Begin XCBuildConfiguration section */
		53E2D6EB2C3F5B6500B43296 /* Debug */ = {
			isa = XCBuildConfiguration;
			buildSettings = {
				ALWAYS_SEARCH_USER_PATHS = NO;
				ASSETCATALOG_COMPILER_GENERATE_SWIFT_ASSET_SYMBOL_EXTENSIONS = YES;
				CLANG_ANALYZER_NONNULL = YES;
				CLANG_ANALYZER_NUMBER_OBJECT_CONVERSION = YES_AGGRESSIVE;
				CLANG_CXX_LANGUAGE_STANDARD = "gnu++20";
				CLANG_ENABLE_MODULES = YES;
				CLANG_ENABLE_OBJC_ARC = YES;
				CLANG_ENABLE_OBJC_WEAK = YES;
				CLANG_WARN_BLOCK_CAPTURE_AUTORELEASING = YES;
				CLANG_WARN_BOOL_CONVERSION = YES;
				CLANG_WARN_COMMA = YES;
				CLANG_WARN_CONSTANT_CONVERSION = YES;
				CLANG_WARN_DEPRECATED_OBJC_IMPLEMENTATIONS = YES;
				CLANG_WARN_DIRECT_OBJC_ISA_USAGE = YES_ERROR;
				CLANG_WARN_DOCUMENTATION_COMMENTS = YES;
				CLANG_WARN_EMPTY_BODY = YES;
				CLANG_WARN_ENUM_CONVERSION = YES;
				CLANG_WARN_INFINITE_RECURSION = YES;
				CLANG_WARN_INT_CONVERSION = YES;
				CLANG_WARN_NON_LITERAL_NULL_CONVERSION = YES;
				CLANG_WARN_OBJC_IMPLICIT_RETAIN_SELF = YES;
				CLANG_WARN_OBJC_LITERAL_CONVERSION = YES;
				CLANG_WARN_OBJC_ROOT_CLASS = YES_ERROR;
				CLANG_WARN_QUOTED_INCLUDE_IN_FRAMEWORK_HEADER = YES;
				CLANG_WARN_RANGE_LOOP_ANALYSIS = YES;
				CLANG_WARN_STRICT_PROTOTYPES = YES;
				CLANG_WARN_SUSPICIOUS_MOVE = YES;
				CLANG_WARN_UNGUARDED_AVAILABILITY = YES_AGGRESSIVE;
				CLANG_WARN_UNREACHABLE_CODE = YES;
				CLANG_WARN__DUPLICATE_METHOD_MATCH = YES;
				COPY_PHASE_STRIP = NO;
				DEBUG_INFORMATION_FORMAT = dwarf;
				ENABLE_STRICT_OBJC_MSGSEND = YES;
				ENABLE_TESTABILITY = YES;
				ENABLE_USER_SCRIPT_SANDBOXING = YES;
				GCC_C_LANGUAGE_STANDARD = gnu17;
				GCC_DYNAMIC_NO_PIC = NO;
				GCC_NO_COMMON_BLOCKS = YES;
				GCC_OPTIMIZATION_LEVEL = 0;
				GCC_PREPROCESSOR_DEFINITIONS = (
					"DEBUG=1",
					"$(inherited)",
				);
				GCC_WARN_64_TO_32_BIT_CONVERSION = YES;
				GCC_WARN_ABOUT_RETURN_TYPE = YES_ERROR;
				GCC_WARN_UNDECLARED_SELECTOR = YES;
				GCC_WARN_UNINITIALIZED_AUTOS = YES_AGGRESSIVE;
				GCC_WARN_UNUSED_FUNCTION = YES;
				GCC_WARN_UNUSED_VARIABLE = YES;
				LOCALIZATION_PREFERS_STRING_CATALOGS = YES;
				MACOSX_DEPLOYMENT_TARGET = 14.5;
				MTL_ENABLE_DEBUG_INFO = INCLUDE_SOURCE;
				MTL_FAST_MATH = YES;
				ONLY_ACTIVE_ARCH = YES;
				SDKROOT = macosx;
				SWIFT_ACTIVE_COMPILATION_CONDITIONS = "DEBUG $(inherited)";
				SWIFT_OPTIMIZATION_LEVEL = "-Onone";
			};
			name = Debug;
		};
		53E2D6EC2C3F5B6500B43296 /* Release */ = {
			isa = XCBuildConfiguration;
			buildSettings = {
				ALWAYS_SEARCH_USER_PATHS = NO;
				ASSETCATALOG_COMPILER_GENERATE_SWIFT_ASSET_SYMBOL_EXTENSIONS = YES;
				CLANG_ANALYZER_NONNULL = YES;
				CLANG_ANALYZER_NUMBER_OBJECT_CONVERSION = YES_AGGRESSIVE;
				CLANG_CXX_LANGUAGE_STANDARD = "gnu++20";
				CLANG_ENABLE_MODULES = YES;
				CLANG_ENABLE_OBJC_ARC = YES;
				CLANG_ENABLE_OBJC_WEAK = YES;
				CLANG_WARN_BLOCK_CAPTURE_AUTORELEASING = YES;
				CLANG_WARN_BOOL_CONVERSION = YES;
				CLANG_WARN_COMMA = YES;
				CLANG_WARN_CONSTANT_CONVERSION = YES;
				CLANG_WARN_DEPRECATED_OBJC_IMPLEMENTATIONS = YES;
				CLANG_WARN_DIRECT_OBJC_ISA_USAGE = YES_ERROR;
				CLANG_WARN_DOCUMENTATION_COMMENTS = YES;
				CLANG_WARN_EMPTY_BODY = YES;
				CLANG_WARN_ENUM_CONVERSION = YES;
				CLANG_WARN_INFINITE_RECURSION = YES;
				CLANG_WARN_INT_CONVERSION = YES;
				CLANG_WARN_NON_LITERAL_NULL_CONVERSION = YES;
				CLANG_WARN_OBJC_IMPLICIT_RETAIN_SELF = YES;
				CLANG_WARN_OBJC_LITERAL_CONVERSION = YES;
				CLANG_WARN_OBJC_ROOT_CLASS = YES_ERROR;
				CLANG_WARN_QUOTED_INCLUDE_IN_FRAMEWORK_HEADER = YES;
				CLANG_WARN_RANGE_LOOP_ANALYSIS = YES;
				CLANG_WARN_STRICT_PROTOTYPES = YES;
				CLANG_WARN_SUSPICIOUS_MOVE = YES;
				CLANG_WARN_UNGUARDED_AVAILABILITY = YES_AGGRESSIVE;
				CLANG_WARN_UNREACHABLE_CODE = YES;
				CLANG_WARN__DUPLICATE_METHOD_MATCH = YES;
				COPY_PHASE_STRIP = NO;
				DEBUG_INFORMATION_FORMAT = "dwarf-with-dsym";
				ENABLE_NS_ASSERTIONS = NO;
				ENABLE_STRICT_OBJC_MSGSEND = YES;
				ENABLE_USER_SCRIPT_SANDBOXING = YES;
				GCC_C_LANGUAGE_STANDARD = gnu17;
				GCC_NO_COMMON_BLOCKS = YES;
				GCC_WARN_64_TO_32_BIT_CONVERSION = YES;
				GCC_WARN_ABOUT_RETURN_TYPE = YES_ERROR;
				GCC_WARN_UNDECLARED_SELECTOR = YES;
				GCC_WARN_UNINITIALIZED_AUTOS = YES_AGGRESSIVE;
				GCC_WARN_UNUSED_FUNCTION = YES;
				GCC_WARN_UNUSED_VARIABLE = YES;
				LOCALIZATION_PREFERS_STRING_CATALOGS = YES;
				MACOSX_DEPLOYMENT_TARGET = 14.5;
				MTL_ENABLE_DEBUG_INFO = NO;
				MTL_FAST_MATH = YES;
				SDKROOT = macosx;
				SWIFT_COMPILATION_MODE = wholemodule;
			};
			name = Release;
		};
		53E2D6EE2C3F5B6500B43296 /* Debug */ = {
			isa = XCBuildConfiguration;
			buildSettings = {
				ASSETCATALOG_COMPILER_APPICON_NAME = AppIcon;
				ASSETCATALOG_COMPILER_GLOBAL_ACCENT_COLOR_NAME = AccentColor;
				CODE_SIGN_ENTITLEMENTS = Elements/Elements.entitlements;
				"CODE_SIGN_IDENTITY[sdk=macosx*]" = "-";
				CODE_SIGN_STYLE = Automatic;
				COMBINE_HIDPI_IMAGES = YES;
				CURRENT_PROJECT_VERSION = 1;
				DEVELOPMENT_ASSET_PATHS = "\"Elements/Preview Content\"";
				ENABLE_PREVIEWS = YES;
				GENERATE_INFOPLIST_FILE = YES;
				INFOPLIST_KEY_NSHumanReadableCopyright = "";
				LD_RUNPATH_SEARCH_PATHS = (
					"$(inherited)",
					"@executable_path/../Frameworks",
				);
				MARKETING_VERSION = 1.0;
				PRODUCT_BUNDLE_IDENTIFIER = com.rafaelalvarez.Elements;
				PRODUCT_NAME = "$(TARGET_NAME)";
				SWIFT_EMIT_LOC_STRINGS = YES;
				SWIFT_VERSION = 5.0;
			};
			name = Debug;
		};
		53E2D6EF2C3F5B6500B43296 /* Release */ = {
			isa = XCBuildConfiguration;
			buildSettings = {
				ASSETCATALOG_COMPILER_APPICON_NAME = AppIcon;
				ASSETCATALOG_COMPILER_GLOBAL_ACCENT_COLOR_NAME = AccentColor;
				CODE_SIGN_ENTITLEMENTS = Elements/Elements.entitlements;
				"CODE_SIGN_IDENTITY[sdk=macosx*]" = "-";
				CODE_SIGN_STYLE = Automatic;
				COMBINE_HIDPI_IMAGES = YES;
				CURRENT_PROJECT_VERSION = 1;
				DEVELOPMENT_ASSET_PATHS = "\"Elements/Preview Content\"";
				ENABLE_PREVIEWS = YES;
				GENERATE_INFOPLIST_FILE = YES;
				INFOPLIST_KEY_NSHumanReadableCopyright = "";
				LD_RUNPATH_SEARCH_PATHS = (
					"$(inherited)",
					"@executable_path/../Frameworks",
				);
				MARKETING_VERSION = 1.0;
				PRODUCT_BUNDLE_IDENTIFIER = com.rafaelalvarez.Elements;
				PRODUCT_NAME = "$(TARGET_NAME)";
				SWIFT_EMIT_LOC_STRINGS = YES;
				SWIFT_VERSION = 5.0;
			};
			name = Release;
		};
/* End XCBuildConfiguration section */

/* Begin XCConfigurationList section */
		53E2D6D92C3F5B6300B43296 /* Build configuration list for PBXProject "Elements" */ = {
			isa = XCConfigurationList;
			buildConfigurations = (
				53E2D6EB2C3F5B6500B43296 /* Debug */,
				53E2D6EC2C3F5B6500B43296 /* Release */,
			);
			defaultConfigurationIsVisible = 0;
			defaultConfigurationName = Release;
		};
		53E2D6ED2C3F5B6500B43296 /* Build configuration list for PBXNativeTarget "Elements" */ = {
			isa = XCConfigurationList;
			buildConfigurations = (
				53E2D6EE2C3F5B6500B43296 /* Debug */,
				53E2D6EF2C3F5B6500B43296 /* Release */,
			);
			defaultConfigurationIsVisible = 0;
			defaultConfigurationName = Release;
		};
/* End XCConfigurationList section */
	};
	rootObject = 53E2D6D62C3F5B6300B43296 /* Project object */;
}
